// !$*UTF8*$!
{
	archiveVersion = 1;
	classes = {
	};
	objectVersion = 46;
	objects = {

/* Begin PBXBuildFile section */
		9C19F1601CAECED500CC581E /* AppDelegate.swift in Sources */ = {isa = PBXBuildFile; fileRef = 9C19F15F1CAECED500CC581E /* AppDelegate.swift */; };
		9C19F1621CAECED500CC581E /* ViewController.swift in Sources */ = {isa = PBXBuildFile; fileRef = 9C19F1611CAECED500CC581E /* ViewController.swift */; };
		9C19F1651CAECED500CC581E /* Main.storyboard in Resources */ = {isa = PBXBuildFile; fileRef = 9C19F1631CAECED500CC581E /* Main.storyboard */; };
		9C19F1671CAECED500CC581E /* Assets.xcassets in Resources */ = {isa = PBXBuildFile; fileRef = 9C19F1661CAECED500CC581E /* Assets.xcassets */; };
		9C19F16A1CAECED500CC581E /* LaunchScreen.storyboard in Resources */ = {isa = PBXBuildFile; fileRef = 9C19F1681CAECED500CC581E /* LaunchScreen.storyboard */; };
		9C19F1751CAECED500CC581E /* MathTests.swift in Sources */ = {isa = PBXBuildFile; fileRef = 9C19F1741CAECED500CC581E /* MathTests.swift */; };
		9C19F1801CAECED600CC581E /* MathUITests.swift in Sources */ = {isa = PBXBuildFile; fileRef = 9C19F17F1CAECED600CC581E /* MathUITests.swift */; };
/* End PBXBuildFile section */

/* Begin PBXContainerItemProxy section */
		9C19F1711CAECED500CC581E /* PBXContainerItemProxy */ = {
			isa = PBXContainerItemProxy;
			containerPortal = 9C19F1541CAECED500CC581E /* Project object */;
			proxyType = 1;
			remoteGlobalIDString = 9C19F15B1CAECED500CC581E;
			remoteInfo = Math;
		};
		9C19F17C1CAECED600CC581E /* PBXContainerItemProxy */ = {
			isa = PBXContainerItemProxy;
			containerPortal = 9C19F1541CAECED500CC581E /* Project object */;
			proxyType = 1;
			remoteGlobalIDString = 9C19F15B1CAECED500CC581E;
			remoteInfo = Math;
		};
/* End PBXContainerItemProxy section */

/* Begin PBXFileReference section */
		9C19F15C1CAECED500CC581E /* Math.app */ = {isa = PBXFileReference; explicitFileType = wrapper.application; includeInIndex = 0; path = Math.app; sourceTree = BUILT_PRODUCTS_DIR; };
		9C19F15F1CAECED500CC581E /* AppDelegate.swift */ = {isa = PBXFileReference; lastKnownFileType = sourcecode.swift; path = AppDelegate.swift; sourceTree = "<group>"; };
		9C19F1611CAECED500CC581E /* ViewController.swift */ = {isa = PBXFileReference; lastKnownFileType = sourcecode.swift; path = ViewController.swift; sourceTree = "<group>"; };
		9C19F1641CAECED500CC581E /* Base */ = {isa = PBXFileReference; lastKnownFileType = file.storyboard; name = Base; path = Base.lproj/Main.storyboard; sourceTree = "<group>"; };
		9C19F1661CAECED500CC581E /* Assets.xcassets */ = {isa = PBXFileReference; lastKnownFileType = folder.assetcatalog; path = Assets.xcassets; sourceTree = "<group>"; };
		9C19F1691CAECED500CC581E /* Base */ = {isa = PBXFileReference; lastKnownFileType = file.storyboard; name = Base; path = Base.lproj/LaunchScreen.storyboard; sourceTree = "<group>"; };
		9C19F16B1CAECED500CC581E /* Info.plist */ = {isa = PBXFileReference; lastKnownFileType = text.plist.xml; path = Info.plist; sourceTree = "<group>"; };
		9C19F1701CAECED500CC581E /* MathTests.xctest */ = {isa = PBXFileReference; explicitFileType = wrapper.cfbundle; includeInIndex = 0; path = MathTests.xctest; sourceTree = BUILT_PRODUCTS_DIR; };
		9C19F1741CAECED500CC581E /* MathTests.swift */ = {isa = PBXFileReference; lastKnownFileType = sourcecode.swift; path = MathTests.swift; sourceTree = "<group>"; };
		9C19F1761CAECED500CC581E /* Info.plist */ = {isa = PBXFileReference; lastKnownFileType = text.plist.xml; path = Info.plist; sourceTree = "<group>"; };
		9C19F17B1CAECED600CC581E /* MathUITests.xctest */ = {isa = PBXFileReference; explicitFileType = wrapper.cfbundle; includeInIndex = 0; path = MathUITests.xctest; sourceTree = BUILT_PRODUCTS_DIR; };
		9C19F17F1CAECED600CC581E /* MathUITests.swift */ = {isa = PBXFileReference; lastKnownFileType = sourcecode.swift; path = MathUITests.swift; sourceTree = "<group>"; };
		9C19F1811CAECED600CC581E /* Info.plist */ = {isa = PBXFileReference; lastKnownFileType = text.plist.xml; path = Info.plist; sourceTree = "<group>"; };
/* End PBXFileReference section */

/* Begin PBXFrameworksBuildPhase section */
		9C19F1591CAECED500CC581E /* Frameworks */ = {
			isa = PBXFrameworksBuildPhase;
			buildActionMask = 2147483647;
			files = (
			);
			runOnlyForDeploymentPostprocessing = 0;
		};
		9C19F16D1CAECED500CC581E /* Frameworks */ = {
			isa = PBXFrameworksBuildPhase;
			buildActionMask = 2147483647;
			files = (
			);
			runOnlyForDeploymentPostprocessing = 0;
		};
		9C19F1781CAECED600CC581E /* Frameworks */ = {
			isa = PBXFrameworksBuildPhase;
			buildActionMask = 2147483647;
			files = (
			);
			runOnlyForDeploymentPostprocessing = 0;
		};
/* End PBXFrameworksBuildPhase section */

/* Begin PBXGroup section */
		9C19F1531CAECED500CC581E = {
			isa = PBXGroup;
			children = (
				9C19F15E1CAECED500CC581E /* Math */,
				9C19F1731CAECED500CC581E /* MathTests */,
				9C19F17E1CAECED600CC581E /* MathUITests */,
				9C19F15D1CAECED500CC581E /* Products */,
			);
			sourceTree = "<group>";
		};
		9C19F15D1CAECED500CC581E /* Products */ = {
			isa = PBXGroup;
			children = (
				9C19F15C1CAECED500CC581E /* Math.app */,
				9C19F1701CAECED500CC581E /* MathTests.xctest */,
				9C19F17B1CAECED600CC581E /* MathUITests.xctest */,
			);
			name = Products;
			sourceTree = "<group>";
		};
		9C19F15E1CAECED500CC581E /* Math */ = {
			isa = PBXGroup;
			children = (
				9C19F15F1CAECED500CC581E /* AppDelegate.swift */,
				9C19F1611CAECED500CC581E /* ViewController.swift */,
				9C19F1631CAECED500CC581E /* Main.storyboard */,
				9C19F1661CAECED500CC581E /* Assets.xcassets */,
				9C19F1681CAECED500CC581E /* LaunchScreen.storyboard */,
				9C19F16B1CAECED500CC581E /* Info.plist */,
			);
			path = Math;
			sourceTree = "<group>";
		};
		9C19F1731CAECED500CC581E /* MathTests */ = {
			isa = PBXGroup;
			children = (
				9C19F1741CAECED500CC581E /* MathTests.swift */,
				9C19F1761CAECED500CC581E /* Info.plist */,
			);
			path = MathTests;
			sourceTree = "<group>";
		};
		9C19F17E1CAECED600CC581E /* MathUITests */ = {
			isa = PBXGroup;
			children = (
				9C19F17F1CAECED600CC581E /* MathUITests.swift */,
				9C19F1811CAECED600CC581E /* Info.plist */,
			);
			path = MathUITests;
			sourceTree = "<group>";
		};
/* End PBXGroup section */

/* Begin PBXNativeTarget section */
		9C19F15B1CAECED500CC581E /* Math */ = {
			isa = PBXNativeTarget;
			buildConfigurationList = 9C19F1841CAECED600CC581E /* Build configuration list for PBXNativeTarget "Math" */;
			buildPhases = (
				9C19F1581CAECED500CC581E /* Sources */,
				9C19F1591CAECED500CC581E /* Frameworks */,
				9C19F15A1CAECED500CC581E /* Resources */,
			);
			buildRules = (
			);
			dependencies = (
			);
			name = Math;
			productName = Math;
			productReference = 9C19F15C1CAECED500CC581E /* Math.app */;
			productType = "com.apple.product-type.application";
		};
		9C19F16F1CAECED500CC581E /* MathTests */ = {
			isa = PBXNativeTarget;
			buildConfigurationList = 9C19F1871CAECED600CC581E /* Build configuration list for PBXNativeTarget "MathTests" */;
			buildPhases = (
				9C19F16C1CAECED500CC581E /* Sources */,
				9C19F16D1CAECED500CC581E /* Frameworks */,
				9C19F16E1CAECED500CC581E /* Resources */,
			);
			buildRules = (
			);
			dependencies = (
				9C19F1721CAECED500CC581E /* PBXTargetDependency */,
			);
			name = MathTests;
			productName = MathTests;
			productReference = 9C19F1701CAECED500CC581E /* MathTests.xctest */;
			productType = "com.apple.product-type.bundle.unit-test";
		};
		9C19F17A1CAECED600CC581E /* MathUITests */ = {
			isa = PBXNativeTarget;
			buildConfigurationList = 9C19F18A1CAECED600CC581E /* Build configuration list for PBXNativeTarget "MathUITests" */;
			buildPhases = (
				9C19F1771CAECED600CC581E /* Sources */,
				9C19F1781CAECED600CC581E /* Frameworks */,
				9C19F1791CAECED600CC581E /* Resources */,
			);
			buildRules = (
			);
			dependencies = (
				9C19F17D1CAECED600CC581E /* PBXTargetDependency */,
			);
			name = MathUITests;
			productName = MathUITests;
			productReference = 9C19F17B1CAECED600CC581E /* MathUITests.xctest */;
			productType = "com.apple.product-type.bundle.ui-testing";
		};
/* End PBXNativeTarget section */

/* Begin PBXProject section */
		9C19F1541CAECED500CC581E /* Project object */ = {
			isa = PBXProject;
			attributes = {
				LastSwiftUpdateCheck = 0730;
				LastUpgradeCheck = 0730;
				ORGANIZATIONNAME = "TStevenson Apps";
				TargetAttributes = {
					9C19F15B1CAECED500CC581E = {
						CreatedOnToolsVersion = 7.3;
					};
					9C19F16F1CAECED500CC581E = {
						CreatedOnToolsVersion = 7.3;
						TestTargetID = 9C19F15B1CAECED500CC581E;
					};
					9C19F17A1CAECED600CC581E = {
						CreatedOnToolsVersion = 7.3;
						TestTargetID = 9C19F15B1CAECED500CC581E;
					};
				};
			};
			buildConfigurationList = 9C19F1571CAECED500CC581E /* Build configuration list for PBXProject "Math" */;
			compatibilityVersion = "Xcode 3.2";
			developmentRegion = English;
			hasScannedForEncodings = 0;
			knownRegions = (
				en,
				Base,
			);
			mainGroup = 9C19F1531CAECED500CC581E;
			productRefGroup = 9C19F15D1CAECED500CC581E /* Products */;
			projectDirPath = "";
			projectRoot = "";
			targets = (
				9C19F15B1CAECED500CC581E /* Math */,
				9C19F16F1CAECED500CC581E /* MathTests */,
				9C19F17A1CAECED600CC581E /* MathUITests */,
			);
		};
/* End PBXProject section */

/* Begin PBXResourcesBuildPhase section */
		9C19F15A1CAECED500CC581E /* Resources */ = {
			isa = PBXResourcesBuildPhase;
			buildActionMask = 2147483647;
			files = (
				9C19F16A1CAECED500CC581E /* LaunchScreen.storyboard in Resources */,
				9C19F1671CAECED500CC581E /* Assets.xcassets in Resources */,
				9C19F1651CAECED500CC581E /* Main.storyboard in Resources */,
			);
			runOnlyForDeploymentPostprocessing = 0;
		};
		9C19F16E1CAECED500CC581E /* Resources */ = {
			isa = PBXResourcesBuildPhase;
			buildActionMask = 2147483647;
			files = (
			);
			runOnlyForDeploymentPostprocessing = 0;
		};
		9C19F1791CAECED600CC581E /* Resources */ = {
			isa = PBXResourcesBuildPhase;
			buildActionMask = 2147483647;
			files = (
			);
			runOnlyForDeploymentPostprocessing = 0;
		};
/* End PBXResourcesBuildPhase section */

/* Begin PBXSourcesBuildPhase section */
		9C19F1581CAECED500CC581E /* Sources */ = {
			isa = PBXSourcesBuildPhase;
			buildActionMask = 2147483647;
			files = (
				9C19F1621CAECED500CC581E /* ViewController.swift in Sources */,
				9C19F1601CAECED500CC581E /* AppDelegate.swift in Sources */,
			);
			runOnlyForDeploymentPostprocessing = 0;
		};
		9C19F16C1CAECED500CC581E /* Sources */ = {
			isa = PBXSourcesBuildPhase;
			buildActionMask = 2147483647;
			files = (
				9C19F1751CAECED500CC581E /* MathTests.swift in Sources */,
			);
			runOnlyForDeploymentPostprocessing = 0;
		};
		9C19F1771CAECED600CC581E /* Sources */ = {
			isa = PBXSourcesBuildPhase;
			buildActionMask = 2147483647;
			files = (
				9C19F1801CAECED600CC581E /* MathUITests.swift in Sources */,
			);
			runOnlyForDeploymentPostprocessing = 0;
		};
/* End PBXSourcesBuildPhase section */

/* Begin PBXTargetDependency section */
		9C19F1721CAECED500CC581E /* PBXTargetDependency */ = {
			isa = PBXTargetDependency;
			target = 9C19F15B1CAECED500CC581E /* Math */;
			targetProxy = 9C19F1711CAECED500CC581E /* PBXContainerItemProxy */;
		};
		9C19F17D1CAECED600CC581E /* PBXTargetDependency */ = {
			isa = PBXTargetDependency;
			target = 9C19F15B1CAECED500CC581E /* Math */;
			targetProxy = 9C19F17C1CAECED600CC581E /* PBXContainerItemProxy */;
		};
/* End PBXTargetDependency section */

/* Begin PBXVariantGroup section */
		9C19F1631CAECED500CC581E /* Main.storyboard */ = {
			isa = PBXVariantGroup;
			children = (
				9C19F1641CAECED500CC581E /* Base */,
			);
			name = Main.storyboard;
			sourceTree = "<group>";
		};
		9C19F1681CAECED500CC581E /* LaunchScreen.storyboard */ = {
			isa = PBXVariantGroup;
			children = (
				9C19F1691CAECED500CC581E /* Base */,
			);
			name = LaunchScreen.storyboard;
			sourceTree = "<group>";
		};
/* End PBXVariantGroup section */

/* Begin XCBuildConfiguration section */
		9C19F1821CAECED600CC581E /* Debug */ = {
			isa = XCBuildConfiguration;
			buildSettings = {
				ALWAYS_SEARCH_USER_PATHS = NO;
				CLANG_ANALYZER_NONNULL = YES;
				CLANG_CXX_LANGUAGE_STANDARD = "gnu++0x";
				CLANG_CXX_LIBRARY = "libc++";
				CLANG_ENABLE_MODULES = YES;
				CLANG_ENABLE_OBJC_ARC = YES;
				CLANG_WARN_BOOL_CONVERSION = YES;
				CLANG_WARN_CONSTANT_CONVERSION = YES;
				CLANG_WARN_DIRECT_OBJC_ISA_USAGE = YES_ERROR;
				CLANG_WARN_EMPTY_BODY = YES;
				CLANG_WARN_ENUM_CONVERSION = YES;
				CLANG_WARN_INT_CONVERSION = YES;
				CLANG_WARN_OBJC_ROOT_CLASS = YES_ERROR;
				CLANG_WARN_UNREACHABLE_CODE = YES;
				CLANG_WARN__DUPLICATE_METHOD_MATCH = YES;
				"CODE_SIGN_IDENTITY[sdk=iphoneos*]" = "iPhone Developer";
				COPY_PHASE_STRIP = NO;
				DEBUG_INFORMATION_FORMAT = dwarf;
				ENABLE_STRICT_OBJC_MSGSEND = YES;
				ENABLE_TESTABILITY = YES;
				GCC_C_LANGUAGE_STANDARD = gnu99;
				GCC_DYNAMIC_NO_PIC = NO;
				GCC_NO_COMMON_BLOCKS = YES;
				GCC_OPTIMIZATION_LEVEL = 0;
				GCC_PREPROCESSOR_DEFINITIONS = (
					"DEBUG=1",
					"$(inherited)",
				);
				GCC_WARN_64_TO_32_BIT_CONVERSION = YES;
				GCC_WARN_ABOUT_RETURN_TYPE = YES_ERROR;
				GCC_WARN_UNDECLARED_SELECTOR = YES;
				GCC_WARN_UNINITIALIZED_AUTOS = YES_AGGRESSIVE;
				GCC_WARN_UNUSED_FUNCTION = YES;
				GCC_WARN_UNUSED_VARIABLE = YES;
				IPHONEOS_DEPLOYMENT_TARGET = 9.3;
				MTL_ENABLE_DEBUG_INFO = YES;
				ONLY_ACTIVE_ARCH = YES;
				SDKROOT = iphoneos;
				SWIFT_OPTIMIZATION_LEVEL = "-Onone";
				TARGETED_DEVICE_FAMILY = "1,2";
			};
			name = Debug;
		};
		9C19F1831CAECED600CC581E /* Release */ = {
			isa = XCBuildConfiguration;
			buildSettings = {
				ALWAYS_SEARCH_USER_PATHS = NO;
				CLANG_ANALYZER_NONNULL = YES;
				CLANG_CXX_LANGUAGE_STANDARD = "gnu++0x";
				CLANG_CXX_LIBRARY = "libc++";
				CLANG_ENABLE_MODULES = YES;
				CLANG_ENABLE_OBJC_ARC = YES;
				CLANG_WARN_BOOL_CONVERSION = YES;
				CLANG_WARN_CONSTANT_CONVERSION = YES;
				CLANG_WARN_DIRECT_OBJC_ISA_USAGE = YES_ERROR;
				CLANG_WARN_EMPTY_BODY = YES;
				CLANG_WARN_ENUM_CONVERSION = YES;
				CLANG_WARN_INT_CONVERSION = YES;
				CLANG_WARN_OBJC_ROOT_CLASS = YES_ERROR;
				CLANG_WARN_UNREACHABLE_CODE = YES;
				CLANG_WARN__DUPLICATE_METHOD_MATCH = YES;
				"CODE_SIGN_IDENTITY[sdk=iphoneos*]" = "iPhone Developer";
				COPY_PHASE_STRIP = NO;
				DEBUG_INFORMATION_FORMAT = "dwarf-with-dsym";
				ENABLE_NS_ASSERTIONS = NO;
				ENABLE_STRICT_OBJC_MSGSEND = YES;
				GCC_C_LANGUAGE_STANDARD = gnu99;
				GCC_NO_COMMON_BLOCKS = YES;
				GCC_WARN_64_TO_32_BIT_CONVERSION = YES;
				GCC_WARN_ABOUT_RETURN_TYPE = YES_ERROR;
				GCC_WARN_UNDECLARED_SELECTOR = YES;
				GCC_WARN_UNINITIALIZED_AUTOS = YES_AGGRESSIVE;
				GCC_WARN_UNUSED_FUNCTION = YES;
				GCC_WARN_UNUSED_VARIABLE = YES;
				IPHONEOS_DEPLOYMENT_TARGET = 9.3;
				MTL_ENABLE_DEBUG_INFO = NO;
				SDKROOT = iphoneos;
				TARGETED_DEVICE_FAMILY = "1,2";
				VALIDATE_PRODUCT = YES;
			};
			name = Release;
		};
		9C19F1851CAECED600CC581E /* Debug */ = {
			isa = XCBuildConfiguration;
			buildSettings = {
				ASSETCATALOG_COMPILER_APPICON_NAME = AppIcon;
				INFOPLIST_FILE = Math/Info.plist;
				LD_RUNPATH_SEARCH_PATHS = "$(inherited) @executable_path/Frameworks";
				PRODUCT_BUNDLE_IDENTIFIER = TStevensonApps.Math;
				PRODUCT_NAME = "$(TARGET_NAME)";
			};
			name = Debug;
		};
		9C19F1861CAECED600CC581E /* Release */ = {
			isa = XCBuildConfiguration;
			buildSettings = {
				ASSETCATALOG_COMPILER_APPICON_NAME = AppIcon;
				INFOPLIST_FILE = Math/Info.plist;
				LD_RUNPATH_SEARCH_PATHS = "$(inherited) @executable_path/Frameworks";
				PRODUCT_BUNDLE_IDENTIFIER = TStevensonApps.Math;
				PRODUCT_NAME = "$(TARGET_NAME)";
			};
			name = Release;
		};
		9C19F1881CAECED600CC581E /* Debug */ = {
			isa = XCBuildConfiguration;
			buildSettings = {
				BUNDLE_LOADER = "$(TEST_HOST)";
				INFOPLIST_FILE = MathTests/Info.plist;
				LD_RUNPATH_SEARCH_PATHS = "$(inherited) @executable_path/Frameworks @loader_path/Frameworks";
				PRODUCT_BUNDLE_IDENTIFIER = TStevensonApps.MathTests;
				PRODUCT_NAME = "$(TARGET_NAME)";
				TEST_HOST = "$(BUILT_PRODUCTS_DIR)/Math.app/Math";
			};
			name = Debug;
		};
		9C19F1891CAECED600CC581E /* Release */ = {
			isa = XCBuildConfiguration;
			buildSettings = {
				BUNDLE_LOADER = "$(TEST_HOST)";
				INFOPLIST_FILE = MathTests/Info.plist;
				LD_RUNPATH_SEARCH_PATHS = "$(inherited) @executable_path/Frameworks @loader_path/Frameworks";
				PRODUCT_BUNDLE_IDENTIFIER = TStevensonApps.MathTests;
				PRODUCT_NAME = "$(TARGET_NAME)";
				TEST_HOST = "$(BUILT_PRODUCTS_DIR)/Math.app/Math";
			};
			name = Release;
		};
		9C19F18B1CAECED600CC581E /* Debug */ = {
			isa = XCBuildConfiguration;
			buildSettings = {
				INFOPLIST_FILE = MathUITests/Info.plist;
				LD_RUNPATH_SEARCH_PATHS = "$(inherited) @executable_path/Frameworks @loader_path/Frameworks";
				PRODUCT_BUNDLE_IDENTIFIER = TStevensonApps.MathUITests;
				PRODUCT_NAME = "$(TARGET_NAME)";
				TEST_TARGET_NAME = Math;
			};
			name = Debug;
		};
		9C19F18C1CAECED600CC581E /* Release */ = {
			isa = XCBuildConfiguration;
			buildSettings = {
				INFOPLIST_FILE = MathUITests/Info.plist;
				LD_RUNPATH_SEARCH_PATHS = "$(inherited) @executable_path/Frameworks @loader_path/Frameworks";
				PRODUCT_BUNDLE_IDENTIFIER = TStevensonApps.MathUITests;
				PRODUCT_NAME = "$(TARGET_NAME)";
				TEST_TARGET_NAME = Math;
			};
			name = Release;
		};
/* End XCBuildConfiguration section */

/* Begin XCConfigurationList section */
		9C19F1571CAECED500CC581E /* Build configuration list for PBXProject "Math" */ = {
			isa = XCConfigurationList;
			buildConfigurations = (
				9C19F1821CAECED600CC581E /* Debug */,
				9C19F1831CAECED600CC581E /* Release */,
			);
			defaultConfigurationIsVisible = 0;
			defaultConfigurationName = Release;
		};
		9C19F1841CAECED600CC581E /* Build configuration list for PBXNativeTarget "Math" */ = {
			isa = XCConfigurationList;
			buildConfigurations = (
				9C19F1851CAECED600CC581E /* Debug */,
				9C19F1861CAECED600CC581E /* Release */,
			);
			defaultConfigurationIsVisible = 0;
		};
		9C19F1871CAECED600CC581E /* Build configuration list for PBXNativeTarget "MathTests" */ = {
			isa = XCConfigurationList;
			buildConfigurations = (
				9C19F1881CAECED600CC581E /* Debug */,
				9C19F1891CAECED600CC581E /* Release */,
			);
			defaultConfigurationIsVisible = 0;
		};
		9C19F18A1CAECED600CC581E /* Build configuration list for PBXNativeTarget "MathUITests" */ = {
			isa = XCConfigurationList;
			buildConfigurations = (
				9C19F18B1CAECED600CC581E /* Debug */,
				9C19F18C1CAECED600CC581E /* Release */,
			);
			defaultConfigurationIsVisible = 0;
		};
/* End XCConfigurationList section */
	};
	rootObject = 9C19F1541CAECED500CC581E /* Project object */;
}
